
Microsoft Visual Studio Solution File, Format Version 12.00
# Visual Studio Version 17
VisualStudioVersion = 17.6.33723.286
MinimumVisualStudioVersion = 10.0.40219.1
Project("{FAE04EC0-301F-11D3-BF4B-00C04F79EFBC}") = "FruitShopApi", "FruitShopApi\FruitShopApi.csproj", "{E5AF1391-FA40-48D0-A4A9-DFFBFCB12AC1}"
EndProject
Global
	GlobalSection(SolutionConfigurationPlatforms) = preSolution
		Debug|Any CPU = Debug|Any CPU
		Release|Any CPU = Release|Any CPU
	EndGlobalSection
	GlobalSection(ProjectConfigurationPlatforms) = postSolution
		{E5AF1391-FA40-48D0-A4A9-DFFBFCB12AC1}.Debug|Any CPU.ActiveCfg = Debug|Any CPU
		{E5AF1391-FA40-48D0-A4A9-DFFBFCB12AC1}.Debug|Any CPU.Build.0 = Debug|Any CPU
		{E5AF1391-FA40-48D0-A4A9-DFFBFCB12AC1}.Release|Any CPU.ActiveCfg = Release|Any CPU
		{E5AF1391-FA40-48D0-A4A9-DFFBFCB12AC1}.Release|Any CPU.Build.0 = Release|Any CPU
	EndGlobalSection
	GlobalSection(SolutionProperties) = preSolution
		HideSolutionNode = FALSE
	EndGlobalSection
	GlobalSection(ExtensibilityGlobals) = postSolution
		SolutionGuid = {D3C89FA1-F071-48FA-BD3B-FD954A1BDE50}
	EndGlobalSection
EndGlobal
